<?xml version="1.0" encoding="utf-8"?>
<Project ToolsVersion="4.0" xmlns="http://schemas.microsoft.com/developer/msbuild/2003">
  <ItemGroup>
    <Filter Include="Source Files">
      <UniqueIdentifier>{4FC737F1-C7A5-4376-A066-2A32D752A2FF}</UniqueIdentifier>
      <Extensions>cpp;c;cc;cxx;def;odl;idl;hpj;bat;asm;asmx</Extensions>
    </Filter>
    <Filter Include="Header Files">
      <UniqueIdentifier>{93995380-89BD-4b04-88EB-625FBE52EBFB}</UniqueIdentifier>
      <Extensions>h;hh;hpp;hxx;hm;inl;inc;ipp;xsd</Extensions>
    </Filter>
    <Filter Include="Resource Files">
      <UniqueIdentifier>{67DA6AB6-F800-4c08-8B7A-83BB121AAD01}</UniqueIdentifier>
      <Extensions>rc;ico;cur;bmp;dlg;rc2;rct;bin;rgs;gif;jpg;jpeg;jpe;resx;tiff;tif;png;wav;mfcribbon-ms</Extensions>
    </Filter>
    <Filter Include="Header Files\include">
      <UniqueIdentifier>{0b72c973-77a2-4bfb-b898-ae74d9e5c4b5}</UniqueIdentifier>
    </Filter>
    <Filter Include="Resource Files\results">
      <UniqueIdentifier>{a1ee2d3a-f7e1-4f65-be43-8798081785a6}</UniqueIdentifier>
    </Filter>
    <Filter Include="Resource Files\tables">
      <UniqueIdentifier>{6906a258-15a3-47ce-9ffc-47667dc9e1e9}</UniqueIdentifier>
    </Filter>
  </ItemGroup>
  <ItemGroup>
    <ClInclude Include="include\anisobjorken.h">
      <Filter>Header Files\include</Filter>
    </ClInclude>
    <ClInclude Include="include\derivative.h">
      <Filter>Header Files\include</Filter>
    </ClInclude>
    <ClInclude Include="include\hypergeometric.h">
      <Filter>Header Files\include</Filter>
    </ClInclude>
  </ItemGroup>
  <ItemGroup>
    <ClCompile Include="anisobjorken.cpp">
      <Filter>Source Files</Filter>
    </ClCompile>
    <ClCompile Include="derivative.cpp">
      <Filter>Source Files</Filter>
    </ClCompile>
    <ClCompile Include="hypergeometric.cpp">
      <Filter>Source Files</Filter>
    </ClCompile>
    <ClCompile Include="rta.cpp">
      <Filter>Source Files</Filter>
    </ClCompile>
  </ItemGroup>
  <ItemGroup>
    <None Include="tables\gauss_legendre_32pts.dat">
      <Filter>Resource Files\tables</Filter>
    </None>
    <None Include="tables\gauss_legendre_48pts.dat">
      <Filter>Resource Files\tables</Filter>
    </None>
    <None Include="tables\gauss_legendre_100pts.dat">
      <Filter>Resource Files\tables</Filter>
    </None>
  </ItemGroup>
</Project>